
Microsoft Visual Studio Solution File, Format Version 12.00
# Visual Studio Version 17
VisualStudioVersion = 17.2.32630.192
MinimumVisualStudioVersion = 10.0.40219.1
Project("{9A19103F-16F7-4668-BE54-9A1E7A4F7556}") = "R5T.L0086", "R5T.L0086\R5T.L0086.csproj", "{158A3A47-1EB4-46D7-B1C1-00AF3C6BCB5E}"
EndProject
Project("{2150E333-8FDC-42A3-9474-1A3956D46DE8}") = "_Dependencies", "_Dependencies", "{54FBB34B-BE21-4106-9ED5-B547432C8CC0}"
EndProject
Project("{9A19103F-16F7-4668-BE54-9A1E7A4F7556}") = "R5T.L0066", "..\..\R5T.L0066\source\R5T.L0066\R5T.L0066.csproj", "{E772935C-90DC-4E65-BA6F-0F8F70BA9145}"
EndProject
Project("{9A19103F-16F7-4668-BE54-9A1E7A4F7556}") = "R5T.L0071", "..\..\R5T.L0071\source\R5T.L0071\R5T.L0071.csproj", "{F896FE0D-2641-44E7-9B0D-84EEC4A1B1D1}"
EndProject
Project("{9A19103F-16F7-4668-BE54-9A1E7A4F7556}") = "R5T.T0131", "..\..\R5T.T0131\source\R5T.T0131\R5T.T0131.csproj", "{C2726944-6879-412F-9EAE-0B0B4231126C}"
EndProject
Project("{9A19103F-16F7-4668-BE54-9A1E7A4F7556}") = "R5T.T0132", "..\..\R5T.T0132\source\R5T.T0132\R5T.T0132.csproj", "{4370EDFC-CD8D-48BB-A8FE-77EDB9DD2F62}"
EndProject
Project("{9A19103F-16F7-4668-BE54-9A1E7A4F7556}") = "R5T.T0142", "..\..\R5T.T0142\source\R5T.T0142\R5T.T0142.csproj", "{30ECC141-9A3E-4DCC-8ACA-DEA2A7AA8CA7}"
EndProject
Project("{9A19103F-16F7-4668-BE54-9A1E7A4F7556}") = "R5T.T0143", "..\..\R5T.T0143\source\R5T.T0143\R5T.T0143.csproj", "{9969F4D6-2D36-407B-A6E3-19E0D3173C3A}"
EndProject
Project("{9A19103F-16F7-4668-BE54-9A1E7A4F7556}") = "R5T.T0156", "..\..\R5T.T0156\source\R5T.T0156\R5T.T0156.csproj", "{2722E35A-9B8F-4BF4-859B-357F92F1105B}"
EndProject
Project("{9A19103F-16F7-4668-BE54-9A1E7A4F7556}") = "R5T.Y0006", "..\..\R5T.Y0006\source\R5T.Y0006\R5T.Y0006.csproj", "{35CBB552-7DFF-4929-B455-1499C9FBFA05}"
EndProject
Project("{9A19103F-16F7-4668-BE54-9A1E7A4F7556}") = "R5T.L0086.Z000", "R5T.L0086.Z000\R5T.L0086.Z000.csproj", "{8020781C-3E5F-48BB-9CE3-157A74EFC113}"
EndProject
Global
	GlobalSection(NestedProjects) = preSolution
		{E772935C-90DC-4E65-BA6F-0F8F70BA9145} = {54FBB34B-BE21-4106-9ED5-B547432C8CC0}
		{F896FE0D-2641-44E7-9B0D-84EEC4A1B1D1} = {54FBB34B-BE21-4106-9ED5-B547432C8CC0}
		{C2726944-6879-412F-9EAE-0B0B4231126C} = {54FBB34B-BE21-4106-9ED5-B547432C8CC0}
		{4370EDFC-CD8D-48BB-A8FE-77EDB9DD2F62} = {54FBB34B-BE21-4106-9ED5-B547432C8CC0}
		{30ECC141-9A3E-4DCC-8ACA-DEA2A7AA8CA7} = {54FBB34B-BE21-4106-9ED5-B547432C8CC0}
		{9969F4D6-2D36-407B-A6E3-19E0D3173C3A} = {54FBB34B-BE21-4106-9ED5-B547432C8CC0}
		{2722E35A-9B8F-4BF4-859B-357F92F1105B} = {54FBB34B-BE21-4106-9ED5-B547432C8CC0}
		{35CBB552-7DFF-4929-B455-1499C9FBFA05} = {54FBB34B-BE21-4106-9ED5-B547432C8CC0}
		{8020781C-3E5F-48BB-9CE3-157A74EFC113} = {54FBB34B-BE21-4106-9ED5-B547432C8CC0}
	EndGlobalSection
	GlobalSection(SolutionConfigurationPlatforms) = preSolution
		Debug|Any CPU = Debug|Any CPU
		Release|Any CPU = Release|Any CPU
	EndGlobalSection
	GlobalSection(ProjectConfigurationPlatforms) = postSolution
		{158A3A47-1EB4-46D7-B1C1-00AF3C6BCB5E}.Debug|Any CPU.ActiveCfg = Debug|Any CPU
		{158A3A47-1EB4-46D7-B1C1-00AF3C6BCB5E}.Debug|Any CPU.Build.0 = Debug|Any CPU
		{158A3A47-1EB4-46D7-B1C1-00AF3C6BCB5E}.Release|Any CPU.ActiveCfg = Release|Any CPU
		{158A3A47-1EB4-46D7-B1C1-00AF3C6BCB5E}.Release|Any CPU.Build.0 = Release|Any CPU
		{E772935C-90DC-4E65-BA6F-0F8F70BA9145}.Debug|Any CPU.ActiveCfg = Debug|Any CPU
		{E772935C-90DC-4E65-BA6F-0F8F70BA9145}.Debug|Any CPU.Build.0 = Debug|Any CPU
		{E772935C-90DC-4E65-BA6F-0F8F70BA9145}.Release|Any CPU.ActiveCfg = Release|Any CPU
		{E772935C-90DC-4E65-BA6F-0F8F70BA9145}.Release|Any CPU.Build.0 = Release|Any CPU
		{F896FE0D-2641-44E7-9B0D-84EEC4A1B1D1}.Debug|Any CPU.ActiveCfg = Debug|Any CPU
		{F896FE0D-2641-44E7-9B0D-84EEC4A1B1D1}.Debug|Any CPU.Build.0 = Debug|Any CPU
		{F896FE0D-2641-44E7-9B0D-84EEC4A1B1D1}.Release|Any CPU.ActiveCfg = Release|Any CPU
		{F896FE0D-2641-44E7-9B0D-84EEC4A1B1D1}.Release|Any CPU.Build.0 = Release|Any CPU
		{C2726944-6879-412F-9EAE-0B0B4231126C}.Debug|Any CPU.ActiveCfg = Debug|Any CPU
		{C2726944-6879-412F-9EAE-0B0B4231126C}.Debug|Any CPU.Build.0 = Debug|Any CPU
		{C2726944-6879-412F-9EAE-0B0B4231126C}.Release|Any CPU.ActiveCfg = Release|Any CPU
		{C2726944-6879-412F-9EAE-0B0B4231126C}.Release|Any CPU.Build.0 = Release|Any CPU
		{4370EDFC-CD8D-48BB-A8FE-77EDB9DD2F62}.Debug|Any CPU.ActiveCfg = Debug|Any CPU
		{4370EDFC-CD8D-48BB-A8FE-77EDB9DD2F62}.Debug|Any CPU.Build.0 = Debug|Any CPU
		{4370EDFC-CD8D-48BB-A8FE-77EDB9DD2F62}.Release|Any CPU.ActiveCfg = Release|Any CPU
		{4370EDFC-CD8D-48BB-A8FE-77EDB9DD2F62}.Release|Any CPU.Build.0 = Release|Any CPU
		{30ECC141-9A3E-4DCC-8ACA-DEA2A7AA8CA7}.Debug|Any CPU.ActiveCfg = Debug|Any CPU
		{30ECC141-9A3E-4DCC-8ACA-DEA2A7AA8CA7}.Debug|Any CPU.Build.0 = Debug|Any CPU
		{30ECC141-9A3E-4DCC-8ACA-DEA2A7AA8CA7}.Release|Any CPU.ActiveCfg = Release|Any CPU
		{30ECC141-9A3E-4DCC-8ACA-DEA2A7AA8CA7}.Release|Any CPU.Build.0 = Release|Any CPU
		{9969F4D6-2D36-407B-A6E3-19E0D3173C3A}.Debug|Any CPU.ActiveCfg = Debug|Any CPU
		{9969F4D6-2D36-407B-A6E3-19E0D3173C3A}.Debug|Any CPU.Build.0 = Debug|Any CPU
		{9969F4D6-2D36-407B-A6E3-19E0D3173C3A}.Release|Any CPU.ActiveCfg = Release|Any CPU
		{9969F4D6-2D36-407B-A6E3-19E0D3173C3A}.Release|Any CPU.Build.0 = Release|Any CPU
		{2722E35A-9B8F-4BF4-859B-357F92F1105B}.Debug|Any CPU.ActiveCfg = Debug|Any CPU
		{2722E35A-9B8F-4BF4-859B-357F92F1105B}.Debug|Any CPU.Build.0 = Debug|Any CPU
		{2722E35A-9B8F-4BF4-859B-357F92F1105B}.Release|Any CPU.ActiveCfg = Release|Any CPU
		{2722E35A-9B8F-4BF4-859B-357F92F1105B}.Release|Any CPU.Build.0 = Release|Any CPU
		{35CBB552-7DFF-4929-B455-1499C9FBFA05}.Debug|Any CPU.ActiveCfg = Debug|Any CPU
		{35CBB552-7DFF-4929-B455-1499C9FBFA05}.Debug|Any CPU.Build.0 = Debug|Any CPU
		{35CBB552-7DFF-4929-B455-1499C9FBFA05}.Release|Any CPU.ActiveCfg = Release|Any CPU
		{35CBB552-7DFF-4929-B455-1499C9FBFA05}.Release|Any CPU.Build.0 = Release|Any CPU
		{8020781C-3E5F-48BB-9CE3-157A74EFC113}.Debug|Any CPU.ActiveCfg = Debug|Any CPU
		{8020781C-3E5F-48BB-9CE3-157A74EFC113}.Debug|Any CPU.Build.0 = Debug|Any CPU
		{8020781C-3E5F-48BB-9CE3-157A74EFC113}.Release|Any CPU.ActiveCfg = Release|Any CPU
		{8020781C-3E5F-48BB-9CE3-157A74EFC113}.Release|Any CPU.Build.0 = Release|Any CPU
	EndGlobalSection
	GlobalSection(SolutionProperties) = preSolution
		HideSolutionNode = FALSE
	EndGlobalSection
	GlobalSection(ExtensibilityGlobals) = postSolution
		SolutionGuid = {DABFAC80-E6B2-477B-97E1-21A94AF63371}
	EndGlobalSection
EndGlobal
