
Microsoft Visual Studio Solution File, Format Version 12.00
# Visual Studio Version 17
VisualStudioVersion = 17.2.32630.192
MinimumVisualStudioVersion = 10.0.40219.1
Project("{9A19103F-16F7-4668-BE54-9A1E7A4F7556}") = "R5T.L0086.Construction", "R5T.L0086.Construction\R5T.L0086.Construction.csproj", "{9ED1E6A9-63FD-4ABB-AD5C-EFD3335ED324}"
EndProject
Project("{9A19103F-16F7-4668-BE54-9A1E7A4F7556}") = "R5T.L0086", "R5T.L0086\R5T.L0086.csproj", "{495F0E6F-DA54-4B10-818F-986FA03E8EEC}"
EndProject
Project("{9A19103F-16F7-4668-BE54-9A1E7A4F7556}") = "R5T.L0086.Z000", "R5T.L0086.Z000\R5T.L0086.Z000.csproj", "{F11C8725-B545-4C89-AB19-D552980EAF04}"
EndProject
Project("{2150E333-8FDC-42A3-9474-1A3956D46DE8}") = "_Dependencies", "_Dependencies", "{5395E2FD-6067-4D8C-9DF1-BC3FE4ED638C}"
EndProject
Project("{9A19103F-16F7-4668-BE54-9A1E7A4F7556}") = "R5T.F0000", "..\..\R5T.F0000\source\R5T.F0000\R5T.F0000.csproj", "{D6A7CC91-4EDD-492D-B0F7-75FAFB47E758}"
EndProject
Project("{9A19103F-16F7-4668-BE54-9A1E7A4F7556}") = "R5T.F0002", "..\..\R5T.F0002\source\R5T.F0002\R5T.F0002.csproj", "{845C0EA8-4820-4CEB-9B11-C3B3AD705759}"
EndProject
Project("{9A19103F-16F7-4668-BE54-9A1E7A4F7556}") = "R5T.F0059", "..\..\R5T.F0059\source\R5T.F0059\R5T.F0059.csproj", "{2FE8AC79-9990-4520-93C0-31358785334E}"
EndProject
Project("{9A19103F-16F7-4668-BE54-9A1E7A4F7556}") = "R5T.F0120", "..\..\R5T.F0120\source\R5T.F0120\R5T.F0120.csproj", "{8DDC30EB-35BB-46AD-B7AA-FC229C9863AA}"
EndProject
Project("{9A19103F-16F7-4668-BE54-9A1E7A4F7556}") = "R5T.F0124", "..\..\R5T.F0124\source\R5T.F0124\R5T.F0124.csproj", "{34DEC556-DDDD-4043-A18E-407E89BF081D}"
EndProject
Project("{9A19103F-16F7-4668-BE54-9A1E7A4F7556}") = "R5T.F0125", "..\..\R5T.F0125\source\R5T.F0125\R5T.F0125.csproj", "{2064F862-52CB-4291-88AD-2C8942D79ED1}"
EndProject
Project("{9A19103F-16F7-4668-BE54-9A1E7A4F7556}") = "R5T.L0030.T000", "..\..\R5T.L0030\source\R5T.L0030.T000\R5T.L0030.T000.csproj", "{6EF95779-AF2E-42E6-9B6F-ABA37EFC7412}"
EndProject
Project("{9A19103F-16F7-4668-BE54-9A1E7A4F7556}") = "R5T.L0030", "..\..\R5T.L0030\source\R5T.L0030\R5T.L0030.csproj", "{7E2E4600-7731-4B4B-AEB6-8F356FAA48E2}"
EndProject
Project("{9A19103F-16F7-4668-BE54-9A1E7A4F7556}") = "R5T.L0034", "..\..\R5T.L0034\source\R5T.L0034\R5T.L0034.csproj", "{9C619D7E-9F60-44B9-BDA1-9D4672E9E107}"
EndProject
Project("{9A19103F-16F7-4668-BE54-9A1E7A4F7556}") = "R5T.L0035", "..\..\R5T.L0035\source\R5T.L0035\R5T.L0035.csproj", "{E7397664-D9CC-4ADA-A009-D55CF588C755}"
EndProject
Project("{9A19103F-16F7-4668-BE54-9A1E7A4F7556}") = "R5T.L0053", "..\..\R5T.L0053\source\R5T.L0053\R5T.L0053.csproj", "{B634F860-9AC1-4298-909E-CFA580DF9ED0}"
EndProject
Project("{9A19103F-16F7-4668-BE54-9A1E7A4F7556}") = "R5T.L0056", "..\..\R5T.L0056\source\R5T.L0056\R5T.L0056.csproj", "{0BCB2A71-D999-4B4F-A1C1-C75A4766A617}"
EndProject
Project("{9A19103F-16F7-4668-BE54-9A1E7A4F7556}") = "R5T.L0066", "..\..\R5T.L0066\source\R5T.L0066\R5T.L0066.csproj", "{414781DE-80E2-4F76-8AEE-9EEF4D6DAB3E}"
EndProject
Project("{9A19103F-16F7-4668-BE54-9A1E7A4F7556}") = "R5T.L0071", "..\..\R5T.L0071\source\R5T.L0071\R5T.L0071.csproj", "{87A23D98-6456-4C5C-9A6D-C3DBD954FF11}"
EndProject
Project("{9A19103F-16F7-4668-BE54-9A1E7A4F7556}") = "R5T.L0074", "..\..\R5T.L0074\source\R5T.L0074\R5T.L0074.csproj", "{4B213DBA-939C-40D8-A846-FF2CC0C4DAF6}"
EndProject
Project("{9A19103F-16F7-4668-BE54-9A1E7A4F7556}") = "R5T.NG0006", "..\..\R5T.NG0006\source\R5T.NG0006\R5T.NG0006.csproj", "{24DD5710-6203-4195-A005-5C81B07E9049}"
EndProject
Project("{9A19103F-16F7-4668-BE54-9A1E7A4F7556}") = "R5T.NG0022", "..\..\R5T.NG0022\source\R5T.NG0022\R5T.NG0022.csproj", "{7338FC4B-17C8-4186-8737-8C68D5831D7B}"
EndProject
Project("{9A19103F-16F7-4668-BE54-9A1E7A4F7556}") = "R5T.T0131", "..\..\R5T.T0131\source\R5T.T0131\R5T.T0131.csproj", "{1B9698E1-A925-4619-8D59-7F27C575A843}"
EndProject
Project("{9A19103F-16F7-4668-BE54-9A1E7A4F7556}") = "R5T.T0132", "..\..\R5T.T0132\source\R5T.T0132\R5T.T0132.csproj", "{83891FE9-C018-42A0-AA25-04FE31D24122}"
EndProject
Project("{9A19103F-16F7-4668-BE54-9A1E7A4F7556}") = "R5T.T0142", "..\..\R5T.T0142\source\R5T.T0142\R5T.T0142.csproj", "{61FA4EF0-CCE4-48A1-86BC-DE2F0F86FF07}"
EndProject
Project("{9A19103F-16F7-4668-BE54-9A1E7A4F7556}") = "R5T.T0143", "..\..\R5T.T0143\source\R5T.T0143\R5T.T0143.csproj", "{1EFFC1C4-EC6C-4E1C-97EE-10F8F16AB186}"
EndProject
Project("{9A19103F-16F7-4668-BE54-9A1E7A4F7556}") = "R5T.T0150", "..\..\R5T.T0150\source\R5T.T0150\R5T.T0150.csproj", "{298B4C93-D6CD-4EF9-AA88-6509C70B377A}"
EndProject
Project("{9A19103F-16F7-4668-BE54-9A1E7A4F7556}") = "R5T.T0151", "..\..\R5T.T0151\source\R5T.T0151\R5T.T0151.csproj", "{25341A42-B208-41D2-9339-1B7C9D427A83}"
EndProject
Project("{9A19103F-16F7-4668-BE54-9A1E7A4F7556}") = "R5T.T0156", "..\..\R5T.T0156\source\R5T.T0156\R5T.T0156.csproj", "{2CD9B5C8-A348-42B4-98ED-DFC159DD18D3}"
EndProject
Project("{9A19103F-16F7-4668-BE54-9A1E7A4F7556}") = "R5T.T0158", "..\..\R5T.T0158\source\R5T.T0158\R5T.T0158.csproj", "{32099920-4DA2-48D3-A03A-DDEAB46837DE}"
EndProject
Project("{9A19103F-16F7-4668-BE54-9A1E7A4F7556}") = "R5T.T0159", "..\..\R5T.T0159\source\R5T.T0159\R5T.T0159.csproj", "{A9D5C41B-133B-4937-AA49-CE4B46850D84}"
EndProject
Project("{9A19103F-16F7-4668-BE54-9A1E7A4F7556}") = "R5T.T0172", "..\..\R5T.T0172\source\R5T.T0172\R5T.T0172.csproj", "{49786329-F94B-4557-A31A-1CC776A3B091}"
EndProject
Project("{9A19103F-16F7-4668-BE54-9A1E7A4F7556}") = "R5T.T0174", "..\..\R5T.T0174\source\R5T.T0174\R5T.T0174.csproj", "{4B613E02-8D0A-457A-8B31-1EA997F9B57E}"
EndProject
Project("{9A19103F-16F7-4668-BE54-9A1E7A4F7556}") = "R5T.T0176", "..\..\R5T.T0176\source\R5T.T0176\R5T.T0176.csproj", "{5FF34AD7-1714-4CC5-8996-0702A44CF367}"
EndProject
Project("{9A19103F-16F7-4668-BE54-9A1E7A4F7556}") = "R5T.T0177", "..\..\R5T.T0177\source\R5T.T0177\R5T.T0177.csproj", "{3DF8C340-CDB0-4BB7-8038-A2F796313040}"
EndProject
Project("{9A19103F-16F7-4668-BE54-9A1E7A4F7556}") = "R5T.T0178", "..\..\R5T.T0178\source\R5T.T0178\R5T.T0178.csproj", "{106F8C7A-1B6B-45A0-9ADB-C08F18E40C52}"
EndProject
Project("{9A19103F-16F7-4668-BE54-9A1E7A4F7556}") = "R5T.T0179", "..\..\R5T.T0179\source\R5T.T0179\R5T.T0179.csproj", "{93CA1F74-29F2-48B3-A53B-30688985A546}"
EndProject
Project("{9A19103F-16F7-4668-BE54-9A1E7A4F7556}") = "R5T.T0180", "..\..\R5T.T0180\source\R5T.T0180\R5T.T0180.csproj", "{1C270255-E9AC-4931-B64B-B547CAD4F357}"
EndProject
Project("{9A19103F-16F7-4668-BE54-9A1E7A4F7556}") = "R5T.T0181", "..\..\R5T.T0181\source\R5T.T0181\R5T.T0181.csproj", "{B7C1F2AF-3450-48C8-9FD8-85BEC731E63B}"
EndProject
Project("{9A19103F-16F7-4668-BE54-9A1E7A4F7556}") = "R5T.T0185", "..\..\R5T.T0185\source\R5T.T0185\R5T.T0185.csproj", "{157B684B-0CE4-4A28-B8CB-40A9212AB122}"
EndProject
Project("{9A19103F-16F7-4668-BE54-9A1E7A4F7556}") = "R5T.T0199.T000", "..\..\R5T.T0199\source\R5T.T0199.T000\R5T.T0199.T000.csproj", "{3DD04D20-42D9-492F-B01D-8DE66F2F9D62}"
EndProject
Project("{9A19103F-16F7-4668-BE54-9A1E7A4F7556}") = "R5T.T0199.T001", "..\..\R5T.T0199\source\R5T.T0199.T001\R5T.T0199.T001.csproj", "{CF75FFEC-0A32-470D-871C-864B1A3E72A2}"
EndProject
Project("{9A19103F-16F7-4668-BE54-9A1E7A4F7556}") = "R5T.T0199", "..\..\R5T.T0199\source\R5T.T0199\R5T.T0199.csproj", "{689DBF87-D395-412D-927B-4D3CC69E22E7}"
EndProject
Project("{9A19103F-16F7-4668-BE54-9A1E7A4F7556}") = "R5T.T0203", "..\..\R5T.T0203\source\R5T.T0203\R5T.T0203.csproj", "{3B23374E-A9AF-4528-84F0-2EC8BD4E25A2}"
EndProject
Project("{9A19103F-16F7-4668-BE54-9A1E7A4F7556}") = "R5T.T0213", "..\..\R5T.T0213\source\R5T.T0213\R5T.T0213.csproj", "{BC24B808-EF00-478D-A7BA-9830DF745176}"
EndProject
Project("{9A19103F-16F7-4668-BE54-9A1E7A4F7556}") = "R5T.T0218", "..\..\R5T.T0218\source\R5T.T0218\R5T.T0218.csproj", "{D182344A-BC7D-4794-8B54-71FF2BA2CEC9}"
EndProject
Project("{9A19103F-16F7-4668-BE54-9A1E7A4F7556}") = "R5T.T0219", "..\..\R5T.T0219\source\R5T.T0219\R5T.T0219.csproj", "{BEB34C09-E83E-411D-ADE9-5D58A46C5EA6}"
EndProject
Project("{9A19103F-16F7-4668-BE54-9A1E7A4F7556}") = "R5T.T0220", "..\..\R5T.T0220\source\R5T.T0220\R5T.T0220.csproj", "{D3B373AC-EEF6-4F5A-A10D-769E85A40EB1}"
EndProject
Project("{9A19103F-16F7-4668-BE54-9A1E7A4F7556}") = "R5T.T0221", "..\..\R5T.T0221\source\R5T.T0221\R5T.T0221.csproj", "{296DC097-E61F-4109-A4D1-CC9AA9510FD9}"
EndProject
Project("{9A19103F-16F7-4668-BE54-9A1E7A4F7556}") = "R5T.T0227", "..\..\R5T.T0227\source\R5T.T0227\R5T.T0227.csproj", "{DCBEC0CA-C197-4142-A40D-8D03A6AE06D1}"
EndProject
Project("{9A19103F-16F7-4668-BE54-9A1E7A4F7556}") = "R5T.Y0000", "..\..\R5T.Y0000\source\R5T.Y0000\R5T.Y0000.csproj", "{62413ABD-2C5B-4FAF-9598-C24930440A0A}"
EndProject
Project("{9A19103F-16F7-4668-BE54-9A1E7A4F7556}") = "R5T.Y0006", "..\..\R5T.Y0006\source\R5T.Y0006\R5T.Y0006.csproj", "{E586BC96-C253-4561-B857-3B0271AF7101}"
EndProject
Project("{9A19103F-16F7-4668-BE54-9A1E7A4F7556}") = "R5T.Z0000", "..\..\R5T.Z0000\source\R5T.Z0000\R5T.Z0000.csproj", "{994D966E-3ADE-45E5-8F3E-2D93684E27A5}"
EndProject
Project("{9A19103F-16F7-4668-BE54-9A1E7A4F7556}") = "R5T.Z0010.Platform", "..\..\R5T.Z0010\source\R5T.Z0010.Platform\R5T.Z0010.Platform.csproj", "{CC4199F4-A7B9-4AC4-829D-6B8B02964E78}"
EndProject
Project("{9A19103F-16F7-4668-BE54-9A1E7A4F7556}") = "R5T.Z0010", "..\..\R5T.Z0010\source\R5T.Z0010\R5T.Z0010.csproj", "{97D9AD5F-E6CD-487B-90FB-2B813545EC86}"
EndProject
Project("{9A19103F-16F7-4668-BE54-9A1E7A4F7556}") = "R5T.Z0057.Platform", "..\..\R5T.Z0057\source\R5T.Z0057.Platform\R5T.Z0057.Platform.csproj", "{94910FCF-2B4A-46CF-A0D7-2D5D9DA040E5}"
EndProject
Project("{9A19103F-16F7-4668-BE54-9A1E7A4F7556}") = "R5T.Z0057", "..\..\R5T.Z0057\source\R5T.Z0057\R5T.Z0057.csproj", "{03C3DEEA-D4D2-423C-9DA3-72774DA219DA}"
EndProject
Project("{9A19103F-16F7-4668-BE54-9A1E7A4F7556}") = "R5T.Z0058", "..\..\R5T.Z0058\source\R5T.Z0058\R5T.Z0058.csproj", "{41851B7B-572A-4EF3-8638-C8116C6D7F2F}"
EndProject
Global
	GlobalSection(NestedProjects) = preSolution
		{D6A7CC91-4EDD-492D-B0F7-75FAFB47E758} = {5395E2FD-6067-4D8C-9DF1-BC3FE4ED638C}
		{845C0EA8-4820-4CEB-9B11-C3B3AD705759} = {5395E2FD-6067-4D8C-9DF1-BC3FE4ED638C}
		{2FE8AC79-9990-4520-93C0-31358785334E} = {5395E2FD-6067-4D8C-9DF1-BC3FE4ED638C}
		{8DDC30EB-35BB-46AD-B7AA-FC229C9863AA} = {5395E2FD-6067-4D8C-9DF1-BC3FE4ED638C}
		{34DEC556-DDDD-4043-A18E-407E89BF081D} = {5395E2FD-6067-4D8C-9DF1-BC3FE4ED638C}
		{2064F862-52CB-4291-88AD-2C8942D79ED1} = {5395E2FD-6067-4D8C-9DF1-BC3FE4ED638C}
		{6EF95779-AF2E-42E6-9B6F-ABA37EFC7412} = {5395E2FD-6067-4D8C-9DF1-BC3FE4ED638C}
		{7E2E4600-7731-4B4B-AEB6-8F356FAA48E2} = {5395E2FD-6067-4D8C-9DF1-BC3FE4ED638C}
		{9C619D7E-9F60-44B9-BDA1-9D4672E9E107} = {5395E2FD-6067-4D8C-9DF1-BC3FE4ED638C}
		{E7397664-D9CC-4ADA-A009-D55CF588C755} = {5395E2FD-6067-4D8C-9DF1-BC3FE4ED638C}
		{B634F860-9AC1-4298-909E-CFA580DF9ED0} = {5395E2FD-6067-4D8C-9DF1-BC3FE4ED638C}
		{0BCB2A71-D999-4B4F-A1C1-C75A4766A617} = {5395E2FD-6067-4D8C-9DF1-BC3FE4ED638C}
		{414781DE-80E2-4F76-8AEE-9EEF4D6DAB3E} = {5395E2FD-6067-4D8C-9DF1-BC3FE4ED638C}
		{87A23D98-6456-4C5C-9A6D-C3DBD954FF11} = {5395E2FD-6067-4D8C-9DF1-BC3FE4ED638C}
		{4B213DBA-939C-40D8-A846-FF2CC0C4DAF6} = {5395E2FD-6067-4D8C-9DF1-BC3FE4ED638C}
		{24DD5710-6203-4195-A005-5C81B07E9049} = {5395E2FD-6067-4D8C-9DF1-BC3FE4ED638C}
		{7338FC4B-17C8-4186-8737-8C68D5831D7B} = {5395E2FD-6067-4D8C-9DF1-BC3FE4ED638C}
		{1B9698E1-A925-4619-8D59-7F27C575A843} = {5395E2FD-6067-4D8C-9DF1-BC3FE4ED638C}
		{83891FE9-C018-42A0-AA25-04FE31D24122} = {5395E2FD-6067-4D8C-9DF1-BC3FE4ED638C}
		{61FA4EF0-CCE4-48A1-86BC-DE2F0F86FF07} = {5395E2FD-6067-4D8C-9DF1-BC3FE4ED638C}
		{1EFFC1C4-EC6C-4E1C-97EE-10F8F16AB186} = {5395E2FD-6067-4D8C-9DF1-BC3FE4ED638C}
		{298B4C93-D6CD-4EF9-AA88-6509C70B377A} = {5395E2FD-6067-4D8C-9DF1-BC3FE4ED638C}
		{25341A42-B208-41D2-9339-1B7C9D427A83} = {5395E2FD-6067-4D8C-9DF1-BC3FE4ED638C}
		{2CD9B5C8-A348-42B4-98ED-DFC159DD18D3} = {5395E2FD-6067-4D8C-9DF1-BC3FE4ED638C}
		{32099920-4DA2-48D3-A03A-DDEAB46837DE} = {5395E2FD-6067-4D8C-9DF1-BC3FE4ED638C}
		{A9D5C41B-133B-4937-AA49-CE4B46850D84} = {5395E2FD-6067-4D8C-9DF1-BC3FE4ED638C}
		{49786329-F94B-4557-A31A-1CC776A3B091} = {5395E2FD-6067-4D8C-9DF1-BC3FE4ED638C}
		{4B613E02-8D0A-457A-8B31-1EA997F9B57E} = {5395E2FD-6067-4D8C-9DF1-BC3FE4ED638C}
		{5FF34AD7-1714-4CC5-8996-0702A44CF367} = {5395E2FD-6067-4D8C-9DF1-BC3FE4ED638C}
		{3DF8C340-CDB0-4BB7-8038-A2F796313040} = {5395E2FD-6067-4D8C-9DF1-BC3FE4ED638C}
		{106F8C7A-1B6B-45A0-9ADB-C08F18E40C52} = {5395E2FD-6067-4D8C-9DF1-BC3FE4ED638C}
		{93CA1F74-29F2-48B3-A53B-30688985A546} = {5395E2FD-6067-4D8C-9DF1-BC3FE4ED638C}
		{1C270255-E9AC-4931-B64B-B547CAD4F357} = {5395E2FD-6067-4D8C-9DF1-BC3FE4ED638C}
		{B7C1F2AF-3450-48C8-9FD8-85BEC731E63B} = {5395E2FD-6067-4D8C-9DF1-BC3FE4ED638C}
		{157B684B-0CE4-4A28-B8CB-40A9212AB122} = {5395E2FD-6067-4D8C-9DF1-BC3FE4ED638C}
		{3DD04D20-42D9-492F-B01D-8DE66F2F9D62} = {5395E2FD-6067-4D8C-9DF1-BC3FE4ED638C}
		{CF75FFEC-0A32-470D-871C-864B1A3E72A2} = {5395E2FD-6067-4D8C-9DF1-BC3FE4ED638C}
		{689DBF87-D395-412D-927B-4D3CC69E22E7} = {5395E2FD-6067-4D8C-9DF1-BC3FE4ED638C}
		{3B23374E-A9AF-4528-84F0-2EC8BD4E25A2} = {5395E2FD-6067-4D8C-9DF1-BC3FE4ED638C}
		{BC24B808-EF00-478D-A7BA-9830DF745176} = {5395E2FD-6067-4D8C-9DF1-BC3FE4ED638C}
		{D182344A-BC7D-4794-8B54-71FF2BA2CEC9} = {5395E2FD-6067-4D8C-9DF1-BC3FE4ED638C}
		{BEB34C09-E83E-411D-ADE9-5D58A46C5EA6} = {5395E2FD-6067-4D8C-9DF1-BC3FE4ED638C}
		{D3B373AC-EEF6-4F5A-A10D-769E85A40EB1} = {5395E2FD-6067-4D8C-9DF1-BC3FE4ED638C}
		{296DC097-E61F-4109-A4D1-CC9AA9510FD9} = {5395E2FD-6067-4D8C-9DF1-BC3FE4ED638C}
		{DCBEC0CA-C197-4142-A40D-8D03A6AE06D1} = {5395E2FD-6067-4D8C-9DF1-BC3FE4ED638C}
		{62413ABD-2C5B-4FAF-9598-C24930440A0A} = {5395E2FD-6067-4D8C-9DF1-BC3FE4ED638C}
		{E586BC96-C253-4561-B857-3B0271AF7101} = {5395E2FD-6067-4D8C-9DF1-BC3FE4ED638C}
		{994D966E-3ADE-45E5-8F3E-2D93684E27A5} = {5395E2FD-6067-4D8C-9DF1-BC3FE4ED638C}
		{CC4199F4-A7B9-4AC4-829D-6B8B02964E78} = {5395E2FD-6067-4D8C-9DF1-BC3FE4ED638C}
		{97D9AD5F-E6CD-487B-90FB-2B813545EC86} = {5395E2FD-6067-4D8C-9DF1-BC3FE4ED638C}
		{94910FCF-2B4A-46CF-A0D7-2D5D9DA040E5} = {5395E2FD-6067-4D8C-9DF1-BC3FE4ED638C}
		{03C3DEEA-D4D2-423C-9DA3-72774DA219DA} = {5395E2FD-6067-4D8C-9DF1-BC3FE4ED638C}
		{41851B7B-572A-4EF3-8638-C8116C6D7F2F} = {5395E2FD-6067-4D8C-9DF1-BC3FE4ED638C}
	EndGlobalSection
	GlobalSection(SolutionConfigurationPlatforms) = preSolution
		Debug|Any CPU = Debug|Any CPU
		Release|Any CPU = Release|Any CPU
	EndGlobalSection
	GlobalSection(ProjectConfigurationPlatforms) = postSolution
		{9ED1E6A9-63FD-4ABB-AD5C-EFD3335ED324}.Debug|Any CPU.ActiveCfg = Debug|Any CPU
		{9ED1E6A9-63FD-4ABB-AD5C-EFD3335ED324}.Debug|Any CPU.Build.0 = Debug|Any CPU
		{9ED1E6A9-63FD-4ABB-AD5C-EFD3335ED324}.Release|Any CPU.ActiveCfg = Release|Any CPU
		{9ED1E6A9-63FD-4ABB-AD5C-EFD3335ED324}.Release|Any CPU.Build.0 = Release|Any CPU
		{495F0E6F-DA54-4B10-818F-986FA03E8EEC}.Debug|Any CPU.ActiveCfg = Debug|Any CPU
		{495F0E6F-DA54-4B10-818F-986FA03E8EEC}.Debug|Any CPU.Build.0 = Debug|Any CPU
		{495F0E6F-DA54-4B10-818F-986FA03E8EEC}.Release|Any CPU.ActiveCfg = Release|Any CPU
		{495F0E6F-DA54-4B10-818F-986FA03E8EEC}.Release|Any CPU.Build.0 = Release|Any CPU
		{F11C8725-B545-4C89-AB19-D552980EAF04}.Debug|Any CPU.ActiveCfg = Debug|Any CPU
		{F11C8725-B545-4C89-AB19-D552980EAF04}.Debug|Any CPU.Build.0 = Debug|Any CPU
		{F11C8725-B545-4C89-AB19-D552980EAF04}.Release|Any CPU.ActiveCfg = Release|Any CPU
		{F11C8725-B545-4C89-AB19-D552980EAF04}.Release|Any CPU.Build.0 = Release|Any CPU
		{D6A7CC91-4EDD-492D-B0F7-75FAFB47E758}.Debug|Any CPU.ActiveCfg = Debug|Any CPU
		{D6A7CC91-4EDD-492D-B0F7-75FAFB47E758}.Debug|Any CPU.Build.0 = Debug|Any CPU
		{D6A7CC91-4EDD-492D-B0F7-75FAFB47E758}.Release|Any CPU.ActiveCfg = Release|Any CPU
		{D6A7CC91-4EDD-492D-B0F7-75FAFB47E758}.Release|Any CPU.Build.0 = Release|Any CPU
		{845C0EA8-4820-4CEB-9B11-C3B3AD705759}.Debug|Any CPU.ActiveCfg = Debug|Any CPU
		{845C0EA8-4820-4CEB-9B11-C3B3AD705759}.Debug|Any CPU.Build.0 = Debug|Any CPU
		{845C0EA8-4820-4CEB-9B11-C3B3AD705759}.Release|Any CPU.ActiveCfg = Release|Any CPU
		{845C0EA8-4820-4CEB-9B11-C3B3AD705759}.Release|Any CPU.Build.0 = Release|Any CPU
		{2FE8AC79-9990-4520-93C0-31358785334E}.Debug|Any CPU.ActiveCfg = Debug|Any CPU
		{2FE8AC79-9990-4520-93C0-31358785334E}.Debug|Any CPU.Build.0 = Debug|Any CPU
		{2FE8AC79-9990-4520-93C0-31358785334E}.Release|Any CPU.ActiveCfg = Release|Any CPU
		{2FE8AC79-9990-4520-93C0-31358785334E}.Release|Any CPU.Build.0 = Release|Any CPU
		{8DDC30EB-35BB-46AD-B7AA-FC229C9863AA}.Debug|Any CPU.ActiveCfg = Debug|Any CPU
		{8DDC30EB-35BB-46AD-B7AA-FC229C9863AA}.Debug|Any CPU.Build.0 = Debug|Any CPU
		{8DDC30EB-35BB-46AD-B7AA-FC229C9863AA}.Release|Any CPU.ActiveCfg = Release|Any CPU
		{8DDC30EB-35BB-46AD-B7AA-FC229C9863AA}.Release|Any CPU.Build.0 = Release|Any CPU
		{34DEC556-DDDD-4043-A18E-407E89BF081D}.Debug|Any CPU.ActiveCfg = Debug|Any CPU
		{34DEC556-DDDD-4043-A18E-407E89BF081D}.Debug|Any CPU.Build.0 = Debug|Any CPU
		{34DEC556-DDDD-4043-A18E-407E89BF081D}.Release|Any CPU.ActiveCfg = Release|Any CPU
		{34DEC556-DDDD-4043-A18E-407E89BF081D}.Release|Any CPU.Build.0 = Release|Any CPU
		{2064F862-52CB-4291-88AD-2C8942D79ED1}.Debug|Any CPU.ActiveCfg = Debug|Any CPU
		{2064F862-52CB-4291-88AD-2C8942D79ED1}.Debug|Any CPU.Build.0 = Debug|Any CPU
		{2064F862-52CB-4291-88AD-2C8942D79ED1}.Release|Any CPU.ActiveCfg = Release|Any CPU
		{2064F862-52CB-4291-88AD-2C8942D79ED1}.Release|Any CPU.Build.0 = Release|Any CPU
		{6EF95779-AF2E-42E6-9B6F-ABA37EFC7412}.Debug|Any CPU.ActiveCfg = Debug|Any CPU
		{6EF95779-AF2E-42E6-9B6F-ABA37EFC7412}.Debug|Any CPU.Build.0 = Debug|Any CPU
		{6EF95779-AF2E-42E6-9B6F-ABA37EFC7412}.Release|Any CPU.ActiveCfg = Release|Any CPU
		{6EF95779-AF2E-42E6-9B6F-ABA37EFC7412}.Release|Any CPU.Build.0 = Release|Any CPU
		{7E2E4600-7731-4B4B-AEB6-8F356FAA48E2}.Debug|Any CPU.ActiveCfg = Debug|Any CPU
		{7E2E4600-7731-4B4B-AEB6-8F356FAA48E2}.Debug|Any CPU.Build.0 = Debug|Any CPU
		{7E2E4600-7731-4B4B-AEB6-8F356FAA48E2}.Release|Any CPU.ActiveCfg = Release|Any CPU
		{7E2E4600-7731-4B4B-AEB6-8F356FAA48E2}.Release|Any CPU.Build.0 = Release|Any CPU
		{9C619D7E-9F60-44B9-BDA1-9D4672E9E107}.Debug|Any CPU.ActiveCfg = Debug|Any CPU
		{9C619D7E-9F60-44B9-BDA1-9D4672E9E107}.Debug|Any CPU.Build.0 = Debug|Any CPU
		{9C619D7E-9F60-44B9-BDA1-9D4672E9E107}.Release|Any CPU.ActiveCfg = Release|Any CPU
		{9C619D7E-9F60-44B9-BDA1-9D4672E9E107}.Release|Any CPU.Build.0 = Release|Any CPU
		{E7397664-D9CC-4ADA-A009-D55CF588C755}.Debug|Any CPU.ActiveCfg = Debug|Any CPU
		{E7397664-D9CC-4ADA-A009-D55CF588C755}.Debug|Any CPU.Build.0 = Debug|Any CPU
		{E7397664-D9CC-4ADA-A009-D55CF588C755}.Release|Any CPU.ActiveCfg = Release|Any CPU
		{E7397664-D9CC-4ADA-A009-D55CF588C755}.Release|Any CPU.Build.0 = Release|Any CPU
		{B634F860-9AC1-4298-909E-CFA580DF9ED0}.Debug|Any CPU.ActiveCfg = Debug|Any CPU
		{B634F860-9AC1-4298-909E-CFA580DF9ED0}.Debug|Any CPU.Build.0 = Debug|Any CPU
		{B634F860-9AC1-4298-909E-CFA580DF9ED0}.Release|Any CPU.ActiveCfg = Release|Any CPU
		{B634F860-9AC1-4298-909E-CFA580DF9ED0}.Release|Any CPU.Build.0 = Release|Any CPU
		{0BCB2A71-D999-4B4F-A1C1-C75A4766A617}.Debug|Any CPU.ActiveCfg = Debug|Any CPU
		{0BCB2A71-D999-4B4F-A1C1-C75A4766A617}.Debug|Any CPU.Build.0 = Debug|Any CPU
		{0BCB2A71-D999-4B4F-A1C1-C75A4766A617}.Release|Any CPU.ActiveCfg = Release|Any CPU
		{0BCB2A71-D999-4B4F-A1C1-C75A4766A617}.Release|Any CPU.Build.0 = Release|Any CPU
		{414781DE-80E2-4F76-8AEE-9EEF4D6DAB3E}.Debug|Any CPU.ActiveCfg = Debug|Any CPU
		{414781DE-80E2-4F76-8AEE-9EEF4D6DAB3E}.Debug|Any CPU.Build.0 = Debug|Any CPU
		{414781DE-80E2-4F76-8AEE-9EEF4D6DAB3E}.Release|Any CPU.ActiveCfg = Release|Any CPU
		{414781DE-80E2-4F76-8AEE-9EEF4D6DAB3E}.Release|Any CPU.Build.0 = Release|Any CPU
		{87A23D98-6456-4C5C-9A6D-C3DBD954FF11}.Debug|Any CPU.ActiveCfg = Debug|Any CPU
		{87A23D98-6456-4C5C-9A6D-C3DBD954FF11}.Debug|Any CPU.Build.0 = Debug|Any CPU
		{87A23D98-6456-4C5C-9A6D-C3DBD954FF11}.Release|Any CPU.ActiveCfg = Release|Any CPU
		{87A23D98-6456-4C5C-9A6D-C3DBD954FF11}.Release|Any CPU.Build.0 = Release|Any CPU
		{4B213DBA-939C-40D8-A846-FF2CC0C4DAF6}.Debug|Any CPU.ActiveCfg = Debug|Any CPU
		{4B213DBA-939C-40D8-A846-FF2CC0C4DAF6}.Debug|Any CPU.Build.0 = Debug|Any CPU
		{4B213DBA-939C-40D8-A846-FF2CC0C4DAF6}.Release|Any CPU.ActiveCfg = Release|Any CPU
		{4B213DBA-939C-40D8-A846-FF2CC0C4DAF6}.Release|Any CPU.Build.0 = Release|Any CPU
		{24DD5710-6203-4195-A005-5C81B07E9049}.Debug|Any CPU.ActiveCfg = Debug|Any CPU
		{24DD5710-6203-4195-A005-5C81B07E9049}.Debug|Any CPU.Build.0 = Debug|Any CPU
		{24DD5710-6203-4195-A005-5C81B07E9049}.Release|Any CPU.ActiveCfg = Release|Any CPU
		{24DD5710-6203-4195-A005-5C81B07E9049}.Release|Any CPU.Build.0 = Release|Any CPU
		{7338FC4B-17C8-4186-8737-8C68D5831D7B}.Debug|Any CPU.ActiveCfg = Debug|Any CPU
		{7338FC4B-17C8-4186-8737-8C68D5831D7B}.Debug|Any CPU.Build.0 = Debug|Any CPU
		{7338FC4B-17C8-4186-8737-8C68D5831D7B}.Release|Any CPU.ActiveCfg = Release|Any CPU
		{7338FC4B-17C8-4186-8737-8C68D5831D7B}.Release|Any CPU.Build.0 = Release|Any CPU
		{1B9698E1-A925-4619-8D59-7F27C575A843}.Debug|Any CPU.ActiveCfg = Debug|Any CPU
		{1B9698E1-A925-4619-8D59-7F27C575A843}.Debug|Any CPU.Build.0 = Debug|Any CPU
		{1B9698E1-A925-4619-8D59-7F27C575A843}.Release|Any CPU.ActiveCfg = Release|Any CPU
		{1B9698E1-A925-4619-8D59-7F27C575A843}.Release|Any CPU.Build.0 = Release|Any CPU
		{83891FE9-C018-42A0-AA25-04FE31D24122}.Debug|Any CPU.ActiveCfg = Debug|Any CPU
		{83891FE9-C018-42A0-AA25-04FE31D24122}.Debug|Any CPU.Build.0 = Debug|Any CPU
		{83891FE9-C018-42A0-AA25-04FE31D24122}.Release|Any CPU.ActiveCfg = Release|Any CPU
		{83891FE9-C018-42A0-AA25-04FE31D24122}.Release|Any CPU.Build.0 = Release|Any CPU
		{61FA4EF0-CCE4-48A1-86BC-DE2F0F86FF07}.Debug|Any CPU.ActiveCfg = Debug|Any CPU
		{61FA4EF0-CCE4-48A1-86BC-DE2F0F86FF07}.Debug|Any CPU.Build.0 = Debug|Any CPU
		{61FA4EF0-CCE4-48A1-86BC-DE2F0F86FF07}.Release|Any CPU.ActiveCfg = Release|Any CPU
		{61FA4EF0-CCE4-48A1-86BC-DE2F0F86FF07}.Release|Any CPU.Build.0 = Release|Any CPU
		{1EFFC1C4-EC6C-4E1C-97EE-10F8F16AB186}.Debug|Any CPU.ActiveCfg = Debug|Any CPU
		{1EFFC1C4-EC6C-4E1C-97EE-10F8F16AB186}.Debug|Any CPU.Build.0 = Debug|Any CPU
		{1EFFC1C4-EC6C-4E1C-97EE-10F8F16AB186}.Release|Any CPU.ActiveCfg = Release|Any CPU
		{1EFFC1C4-EC6C-4E1C-97EE-10F8F16AB186}.Release|Any CPU.Build.0 = Release|Any CPU
		{298B4C93-D6CD-4EF9-AA88-6509C70B377A}.Debug|Any CPU.ActiveCfg = Debug|Any CPU
		{298B4C93-D6CD-4EF9-AA88-6509C70B377A}.Debug|Any CPU.Build.0 = Debug|Any CPU
		{298B4C93-D6CD-4EF9-AA88-6509C70B377A}.Release|Any CPU.ActiveCfg = Release|Any CPU
		{298B4C93-D6CD-4EF9-AA88-6509C70B377A}.Release|Any CPU.Build.0 = Release|Any CPU
		{25341A42-B208-41D2-9339-1B7C9D427A83}.Debug|Any CPU.ActiveCfg = Debug|Any CPU
		{25341A42-B208-41D2-9339-1B7C9D427A83}.Debug|Any CPU.Build.0 = Debug|Any CPU
		{25341A42-B208-41D2-9339-1B7C9D427A83}.Release|Any CPU.ActiveCfg = Release|Any CPU
		{25341A42-B208-41D2-9339-1B7C9D427A83}.Release|Any CPU.Build.0 = Release|Any CPU
		{2CD9B5C8-A348-42B4-98ED-DFC159DD18D3}.Debug|Any CPU.ActiveCfg = Debug|Any CPU
		{2CD9B5C8-A348-42B4-98ED-DFC159DD18D3}.Debug|Any CPU.Build.0 = Debug|Any CPU
		{2CD9B5C8-A348-42B4-98ED-DFC159DD18D3}.Release|Any CPU.ActiveCfg = Release|Any CPU
		{2CD9B5C8-A348-42B4-98ED-DFC159DD18D3}.Release|Any CPU.Build.0 = Release|Any CPU
		{32099920-4DA2-48D3-A03A-DDEAB46837DE}.Debug|Any CPU.ActiveCfg = Debug|Any CPU
		{32099920-4DA2-48D3-A03A-DDEAB46837DE}.Debug|Any CPU.Build.0 = Debug|Any CPU
		{32099920-4DA2-48D3-A03A-DDEAB46837DE}.Release|Any CPU.ActiveCfg = Release|Any CPU
		{32099920-4DA2-48D3-A03A-DDEAB46837DE}.Release|Any CPU.Build.0 = Release|Any CPU
		{A9D5C41B-133B-4937-AA49-CE4B46850D84}.Debug|Any CPU.ActiveCfg = Debug|Any CPU
		{A9D5C41B-133B-4937-AA49-CE4B46850D84}.Debug|Any CPU.Build.0 = Debug|Any CPU
		{A9D5C41B-133B-4937-AA49-CE4B46850D84}.Release|Any CPU.ActiveCfg = Release|Any CPU
		{A9D5C41B-133B-4937-AA49-CE4B46850D84}.Release|Any CPU.Build.0 = Release|Any CPU
		{49786329-F94B-4557-A31A-1CC776A3B091}.Debug|Any CPU.ActiveCfg = Debug|Any CPU
		{49786329-F94B-4557-A31A-1CC776A3B091}.Debug|Any CPU.Build.0 = Debug|Any CPU
		{49786329-F94B-4557-A31A-1CC776A3B091}.Release|Any CPU.ActiveCfg = Release|Any CPU
		{49786329-F94B-4557-A31A-1CC776A3B091}.Release|Any CPU.Build.0 = Release|Any CPU
		{4B613E02-8D0A-457A-8B31-1EA997F9B57E}.Debug|Any CPU.ActiveCfg = Debug|Any CPU
		{4B613E02-8D0A-457A-8B31-1EA997F9B57E}.Debug|Any CPU.Build.0 = Debug|Any CPU
		{4B613E02-8D0A-457A-8B31-1EA997F9B57E}.Release|Any CPU.ActiveCfg = Release|Any CPU
		{4B613E02-8D0A-457A-8B31-1EA997F9B57E}.Release|Any CPU.Build.0 = Release|Any CPU
		{5FF34AD7-1714-4CC5-8996-0702A44CF367}.Debug|Any CPU.ActiveCfg = Debug|Any CPU
		{5FF34AD7-1714-4CC5-8996-0702A44CF367}.Debug|Any CPU.Build.0 = Debug|Any CPU
		{5FF34AD7-1714-4CC5-8996-0702A44CF367}.Release|Any CPU.ActiveCfg = Release|Any CPU
		{5FF34AD7-1714-4CC5-8996-0702A44CF367}.Release|Any CPU.Build.0 = Release|Any CPU
		{3DF8C340-CDB0-4BB7-8038-A2F796313040}.Debug|Any CPU.ActiveCfg = Debug|Any CPU
		{3DF8C340-CDB0-4BB7-8038-A2F796313040}.Debug|Any CPU.Build.0 = Debug|Any CPU
		{3DF8C340-CDB0-4BB7-8038-A2F796313040}.Release|Any CPU.ActiveCfg = Release|Any CPU
		{3DF8C340-CDB0-4BB7-8038-A2F796313040}.Release|Any CPU.Build.0 = Release|Any CPU
		{106F8C7A-1B6B-45A0-9ADB-C08F18E40C52}.Debug|Any CPU.ActiveCfg = Debug|Any CPU
		{106F8C7A-1B6B-45A0-9ADB-C08F18E40C52}.Debug|Any CPU.Build.0 = Debug|Any CPU
		{106F8C7A-1B6B-45A0-9ADB-C08F18E40C52}.Release|Any CPU.ActiveCfg = Release|Any CPU
		{106F8C7A-1B6B-45A0-9ADB-C08F18E40C52}.Release|Any CPU.Build.0 = Release|Any CPU
		{93CA1F74-29F2-48B3-A53B-30688985A546}.Debug|Any CPU.ActiveCfg = Debug|Any CPU
		{93CA1F74-29F2-48B3-A53B-30688985A546}.Debug|Any CPU.Build.0 = Debug|Any CPU
		{93CA1F74-29F2-48B3-A53B-30688985A546}.Release|Any CPU.ActiveCfg = Release|Any CPU
		{93CA1F74-29F2-48B3-A53B-30688985A546}.Release|Any CPU.Build.0 = Release|Any CPU
		{1C270255-E9AC-4931-B64B-B547CAD4F357}.Debug|Any CPU.ActiveCfg = Debug|Any CPU
		{1C270255-E9AC-4931-B64B-B547CAD4F357}.Debug|Any CPU.Build.0 = Debug|Any CPU
		{1C270255-E9AC-4931-B64B-B547CAD4F357}.Release|Any CPU.ActiveCfg = Release|Any CPU
		{1C270255-E9AC-4931-B64B-B547CAD4F357}.Release|Any CPU.Build.0 = Release|Any CPU
		{B7C1F2AF-3450-48C8-9FD8-85BEC731E63B}.Debug|Any CPU.ActiveCfg = Debug|Any CPU
		{B7C1F2AF-3450-48C8-9FD8-85BEC731E63B}.Debug|Any CPU.Build.0 = Debug|Any CPU
		{B7C1F2AF-3450-48C8-9FD8-85BEC731E63B}.Release|Any CPU.ActiveCfg = Release|Any CPU
		{B7C1F2AF-3450-48C8-9FD8-85BEC731E63B}.Release|Any CPU.Build.0 = Release|Any CPU
		{157B684B-0CE4-4A28-B8CB-40A9212AB122}.Debug|Any CPU.ActiveCfg = Debug|Any CPU
		{157B684B-0CE4-4A28-B8CB-40A9212AB122}.Debug|Any CPU.Build.0 = Debug|Any CPU
		{157B684B-0CE4-4A28-B8CB-40A9212AB122}.Release|Any CPU.ActiveCfg = Release|Any CPU
		{157B684B-0CE4-4A28-B8CB-40A9212AB122}.Release|Any CPU.Build.0 = Release|Any CPU
		{3DD04D20-42D9-492F-B01D-8DE66F2F9D62}.Debug|Any CPU.ActiveCfg = Debug|Any CPU
		{3DD04D20-42D9-492F-B01D-8DE66F2F9D62}.Debug|Any CPU.Build.0 = Debug|Any CPU
		{3DD04D20-42D9-492F-B01D-8DE66F2F9D62}.Release|Any CPU.ActiveCfg = Release|Any CPU
		{3DD04D20-42D9-492F-B01D-8DE66F2F9D62}.Release|Any CPU.Build.0 = Release|Any CPU
		{CF75FFEC-0A32-470D-871C-864B1A3E72A2}.Debug|Any CPU.ActiveCfg = Debug|Any CPU
		{CF75FFEC-0A32-470D-871C-864B1A3E72A2}.Debug|Any CPU.Build.0 = Debug|Any CPU
		{CF75FFEC-0A32-470D-871C-864B1A3E72A2}.Release|Any CPU.ActiveCfg = Release|Any CPU
		{CF75FFEC-0A32-470D-871C-864B1A3E72A2}.Release|Any CPU.Build.0 = Release|Any CPU
		{689DBF87-D395-412D-927B-4D3CC69E22E7}.Debug|Any CPU.ActiveCfg = Debug|Any CPU
		{689DBF87-D395-412D-927B-4D3CC69E22E7}.Debug|Any CPU.Build.0 = Debug|Any CPU
		{689DBF87-D395-412D-927B-4D3CC69E22E7}.Release|Any CPU.ActiveCfg = Release|Any CPU
		{689DBF87-D395-412D-927B-4D3CC69E22E7}.Release|Any CPU.Build.0 = Release|Any CPU
		{3B23374E-A9AF-4528-84F0-2EC8BD4E25A2}.Debug|Any CPU.ActiveCfg = Debug|Any CPU
		{3B23374E-A9AF-4528-84F0-2EC8BD4E25A2}.Debug|Any CPU.Build.0 = Debug|Any CPU
		{3B23374E-A9AF-4528-84F0-2EC8BD4E25A2}.Release|Any CPU.ActiveCfg = Release|Any CPU
		{3B23374E-A9AF-4528-84F0-2EC8BD4E25A2}.Release|Any CPU.Build.0 = Release|Any CPU
		{BC24B808-EF00-478D-A7BA-9830DF745176}.Debug|Any CPU.ActiveCfg = Debug|Any CPU
		{BC24B808-EF00-478D-A7BA-9830DF745176}.Debug|Any CPU.Build.0 = Debug|Any CPU
		{BC24B808-EF00-478D-A7BA-9830DF745176}.Release|Any CPU.ActiveCfg = Release|Any CPU
		{BC24B808-EF00-478D-A7BA-9830DF745176}.Release|Any CPU.Build.0 = Release|Any CPU
		{D182344A-BC7D-4794-8B54-71FF2BA2CEC9}.Debug|Any CPU.ActiveCfg = Debug|Any CPU
		{D182344A-BC7D-4794-8B54-71FF2BA2CEC9}.Debug|Any CPU.Build.0 = Debug|Any CPU
		{D182344A-BC7D-4794-8B54-71FF2BA2CEC9}.Release|Any CPU.ActiveCfg = Release|Any CPU
		{D182344A-BC7D-4794-8B54-71FF2BA2CEC9}.Release|Any CPU.Build.0 = Release|Any CPU
		{BEB34C09-E83E-411D-ADE9-5D58A46C5EA6}.Debug|Any CPU.ActiveCfg = Debug|Any CPU
		{BEB34C09-E83E-411D-ADE9-5D58A46C5EA6}.Debug|Any CPU.Build.0 = Debug|Any CPU
		{BEB34C09-E83E-411D-ADE9-5D58A46C5EA6}.Release|Any CPU.ActiveCfg = Release|Any CPU
		{BEB34C09-E83E-411D-ADE9-5D58A46C5EA6}.Release|Any CPU.Build.0 = Release|Any CPU
		{D3B373AC-EEF6-4F5A-A10D-769E85A40EB1}.Debug|Any CPU.ActiveCfg = Debug|Any CPU
		{D3B373AC-EEF6-4F5A-A10D-769E85A40EB1}.Debug|Any CPU.Build.0 = Debug|Any CPU
		{D3B373AC-EEF6-4F5A-A10D-769E85A40EB1}.Release|Any CPU.ActiveCfg = Release|Any CPU
		{D3B373AC-EEF6-4F5A-A10D-769E85A40EB1}.Release|Any CPU.Build.0 = Release|Any CPU
		{296DC097-E61F-4109-A4D1-CC9AA9510FD9}.Debug|Any CPU.ActiveCfg = Debug|Any CPU
		{296DC097-E61F-4109-A4D1-CC9AA9510FD9}.Debug|Any CPU.Build.0 = Debug|Any CPU
		{296DC097-E61F-4109-A4D1-CC9AA9510FD9}.Release|Any CPU.ActiveCfg = Release|Any CPU
		{296DC097-E61F-4109-A4D1-CC9AA9510FD9}.Release|Any CPU.Build.0 = Release|Any CPU
		{DCBEC0CA-C197-4142-A40D-8D03A6AE06D1}.Debug|Any CPU.ActiveCfg = Debug|Any CPU
		{DCBEC0CA-C197-4142-A40D-8D03A6AE06D1}.Debug|Any CPU.Build.0 = Debug|Any CPU
		{DCBEC0CA-C197-4142-A40D-8D03A6AE06D1}.Release|Any CPU.ActiveCfg = Release|Any CPU
		{DCBEC0CA-C197-4142-A40D-8D03A6AE06D1}.Release|Any CPU.Build.0 = Release|Any CPU
		{62413ABD-2C5B-4FAF-9598-C24930440A0A}.Debug|Any CPU.ActiveCfg = Debug|Any CPU
		{62413ABD-2C5B-4FAF-9598-C24930440A0A}.Debug|Any CPU.Build.0 = Debug|Any CPU
		{62413ABD-2C5B-4FAF-9598-C24930440A0A}.Release|Any CPU.ActiveCfg = Release|Any CPU
		{62413ABD-2C5B-4FAF-9598-C24930440A0A}.Release|Any CPU.Build.0 = Release|Any CPU
		{E586BC96-C253-4561-B857-3B0271AF7101}.Debug|Any CPU.ActiveCfg = Debug|Any CPU
		{E586BC96-C253-4561-B857-3B0271AF7101}.Debug|Any CPU.Build.0 = Debug|Any CPU
		{E586BC96-C253-4561-B857-3B0271AF7101}.Release|Any CPU.ActiveCfg = Release|Any CPU
		{E586BC96-C253-4561-B857-3B0271AF7101}.Release|Any CPU.Build.0 = Release|Any CPU
		{994D966E-3ADE-45E5-8F3E-2D93684E27A5}.Debug|Any CPU.ActiveCfg = Debug|Any CPU
		{994D966E-3ADE-45E5-8F3E-2D93684E27A5}.Debug|Any CPU.Build.0 = Debug|Any CPU
		{994D966E-3ADE-45E5-8F3E-2D93684E27A5}.Release|Any CPU.ActiveCfg = Release|Any CPU
		{994D966E-3ADE-45E5-8F3E-2D93684E27A5}.Release|Any CPU.Build.0 = Release|Any CPU
		{CC4199F4-A7B9-4AC4-829D-6B8B02964E78}.Debug|Any CPU.ActiveCfg = Debug|Any CPU
		{CC4199F4-A7B9-4AC4-829D-6B8B02964E78}.Debug|Any CPU.Build.0 = Debug|Any CPU
		{CC4199F4-A7B9-4AC4-829D-6B8B02964E78}.Release|Any CPU.ActiveCfg = Release|Any CPU
		{CC4199F4-A7B9-4AC4-829D-6B8B02964E78}.Release|Any CPU.Build.0 = Release|Any CPU
		{97D9AD5F-E6CD-487B-90FB-2B813545EC86}.Debug|Any CPU.ActiveCfg = Debug|Any CPU
		{97D9AD5F-E6CD-487B-90FB-2B813545EC86}.Debug|Any CPU.Build.0 = Debug|Any CPU
		{97D9AD5F-E6CD-487B-90FB-2B813545EC86}.Release|Any CPU.ActiveCfg = Release|Any CPU
		{97D9AD5F-E6CD-487B-90FB-2B813545EC86}.Release|Any CPU.Build.0 = Release|Any CPU
		{94910FCF-2B4A-46CF-A0D7-2D5D9DA040E5}.Debug|Any CPU.ActiveCfg = Debug|Any CPU
		{94910FCF-2B4A-46CF-A0D7-2D5D9DA040E5}.Debug|Any CPU.Build.0 = Debug|Any CPU
		{94910FCF-2B4A-46CF-A0D7-2D5D9DA040E5}.Release|Any CPU.ActiveCfg = Release|Any CPU
		{94910FCF-2B4A-46CF-A0D7-2D5D9DA040E5}.Release|Any CPU.Build.0 = Release|Any CPU
		{03C3DEEA-D4D2-423C-9DA3-72774DA219DA}.Debug|Any CPU.ActiveCfg = Debug|Any CPU
		{03C3DEEA-D4D2-423C-9DA3-72774DA219DA}.Debug|Any CPU.Build.0 = Debug|Any CPU
		{03C3DEEA-D4D2-423C-9DA3-72774DA219DA}.Release|Any CPU.ActiveCfg = Release|Any CPU
		{03C3DEEA-D4D2-423C-9DA3-72774DA219DA}.Release|Any CPU.Build.0 = Release|Any CPU
		{41851B7B-572A-4EF3-8638-C8116C6D7F2F}.Debug|Any CPU.ActiveCfg = Debug|Any CPU
		{41851B7B-572A-4EF3-8638-C8116C6D7F2F}.Debug|Any CPU.Build.0 = Debug|Any CPU
		{41851B7B-572A-4EF3-8638-C8116C6D7F2F}.Release|Any CPU.ActiveCfg = Release|Any CPU
		{41851B7B-572A-4EF3-8638-C8116C6D7F2F}.Release|Any CPU.Build.0 = Release|Any CPU
	EndGlobalSection
	GlobalSection(SolutionProperties) = preSolution
		HideSolutionNode = FALSE
	EndGlobalSection
	GlobalSection(ExtensibilityGlobals) = postSolution
		SolutionGuid = {4658FA38-ADE2-4B57-8A90-12B03C954757}
	EndGlobalSection
EndGlobal
